// !$*UTF8*$!
{
	archiveVersion = 1;
	classes = {
	};
	objectVersion = 56;
	objects = {

/* Begin PBXBuildFile section */
		16CF0AAB2987136700A75CE7 /* Simple_AppApp.swift in Sources */ = {isa = PBXBuildFile; fileRef = 16CF0AAA2987136700A75CE7 /* Simple_AppApp.swift */; };
		16CF0AAD2987136700A75CE7 /* LoginView.swift in Sources */ = {isa = PBXBuildFile; fileRef = 16CF0AAC2987136700A75CE7 /* LoginView.swift */; };
		16CF0AAF2987136A00A75CE7 /* Assets.xcassets in Resources */ = {isa = PBXBuildFile; fileRef = 16CF0AAE2987136A00A75CE7 /* Assets.xcassets */; };
		16CF0AB22987136A00A75CE7 /* Preview Assets.xcassets in Resources */ = {isa = PBXBuildFile; fileRef = 16CF0AB12987136A00A75CE7 /* Preview Assets.xcassets */; };
		16CF0ABC2987136A00A75CE7 /* Simple_AppTests.swift in Sources */ = {isa = PBXBuildFile; fileRef = 16CF0ABB2987136A00A75CE7 /* Simple_AppTests.swift */; };
		16CF0AC62987136B00A75CE7 /* Simple_AppUITests.swift in Sources */ = {isa = PBXBuildFile; fileRef = 16CF0AC52987136B00A75CE7 /* Simple_AppUITests.swift */; };
		16CF0AC82987136B00A75CE7 /* Simple_AppUITestsLaunchTests.swift in Sources */ = {isa = PBXBuildFile; fileRef = 16CF0AC72987136B00A75CE7 /* Simple_AppUITestsLaunchTests.swift */; };
		16CF0AD5298733F100A75CE7 /* SignUpView.swift in Sources */ = {isa = PBXBuildFile; fileRef = 16CF0AD4298733F100A75CE7 /* SignUpView.swift */; };
		16CF0AD729873E1800A75CE7 /* ContentView.swift in Sources */ = {isa = PBXBuildFile; fileRef = 16CF0AD629873E1700A75CE7 /* ContentView.swift */; };
		16CF0AD9298745B600A75CE7 /* RootView.swift in Sources */ = {isa = PBXBuildFile; fileRef = 16CF0AD8298745B600A75CE7 /* RootView.swift */; };
/* End PBXBuildFile section */

/* Begin PBXContainerItemProxy section */
		16CF0AB82987136A00A75CE7 /* PBXContainerItemProxy */ = {
			isa = PBXContainerItemProxy;
			containerPortal = 16CF0A9F2987136700A75CE7 /* Project object */;
			proxyType = 1;
			remoteGlobalIDString = 16CF0AA62987136700A75CE7;
			remoteInfo = "Simple App";
		};
		16CF0AC22987136A00A75CE7 /* PBXContainerItemProxy */ = {
			isa = PBXContainerItemProxy;
			containerPortal = 16CF0A9F2987136700A75CE7 /* Project object */;
			proxyType = 1;
			remoteGlobalIDString = 16CF0AA62987136700A75CE7;
			remoteInfo = "Simple App";
		};
/* End PBXContainerItemProxy section */

/* Begin PBXFileReference section */
		16CF0AA72987136700A75CE7 /* Simple App.app */ = {isa = PBXFileReference; explicitFileType = wrapper.application; includeInIndex = 0; path = "Simple App.app"; sourceTree = BUILT_PRODUCTS_DIR; };
		16CF0AAA2987136700A75CE7 /* Simple_AppApp.swift */ = {isa = PBXFileReference; lastKnownFileType = sourcecode.swift; path = Simple_AppApp.swift; sourceTree = "<group>"; };
		16CF0AAC2987136700A75CE7 /* LoginView.swift */ = {isa = PBXFileReference; lastKnownFileType = sourcecode.swift; path = LoginView.swift; sourceTree = "<group>"; };
		16CF0AAE2987136A00A75CE7 /* Assets.xcassets */ = {isa = PBXFileReference; lastKnownFileType = folder.assetcatalog; path = Assets.xcassets; sourceTree = "<group>"; };
		16CF0AB12987136A00A75CE7 /* Preview Assets.xcassets */ = {isa = PBXFileReference; lastKnownFileType = folder.assetcatalog; path = "Preview Assets.xcassets"; sourceTree = "<group>"; };
		16CF0AB72987136A00A75CE7 /* Simple AppTests.xctest */ = {isa = PBXFileReference; explicitFileType = wrapper.cfbundle; includeInIndex = 0; path = "Simple AppTests.xctest"; sourceTree = BUILT_PRODUCTS_DIR; };
		16CF0ABB2987136A00A75CE7 /* Simple_AppTests.swift */ = {isa = PBXFileReference; lastKnownFileType = sourcecode.swift; path = Simple_AppTests.swift; sourceTree = "<group>"; };
		16CF0AC12987136A00A75CE7 /* Simple AppUITests.xctest */ = {isa = PBXFileReference; explicitFileType = wrapper.cfbundle; includeInIndex = 0; path = "Simple AppUITests.xctest"; sourceTree = BUILT_PRODUCTS_DIR; };
		16CF0AC52987136B00A75CE7 /* Simple_AppUITests.swift */ = {isa = PBXFileReference; lastKnownFileType = sourcecode.swift; path = Simple_AppUITests.swift; sourceTree = "<group>"; };
		16CF0AC72987136B00A75CE7 /* Simple_AppUITestsLaunchTests.swift */ = {isa = PBXFileReference; lastKnownFileType = sourcecode.swift; path = Simple_AppUITestsLaunchTests.swift; sourceTree = "<group>"; };
		16CF0AD4298733F100A75CE7 /* SignUpView.swift */ = {isa = PBXFileReference; lastKnownFileType = sourcecode.swift; path = SignUpView.swift; sourceTree = "<group>"; };
		16CF0AD629873E1700A75CE7 /* ContentView.swift */ = {isa = PBXFileReference; lastKnownFileType = sourcecode.swift; path = ContentView.swift; sourceTree = "<group>"; };
		16CF0AD8298745B600A75CE7 /* RootView.swift */ = {isa = PBXFileReference; lastKnownFileType = sourcecode.swift; path = RootView.swift; sourceTree = "<group>"; };
/* End PBXFileReference section */

/* Begin PBXFrameworksBuildPhase section */
		16CF0AA42987136700A75CE7 /* Frameworks */ = {
			isa = PBXFrameworksBuildPhase;
			buildActionMask = 2147483647;
			files = (
			);
			runOnlyForDeploymentPostprocessing = 0;
		};
		16CF0AB42987136A00A75CE7 /* Frameworks */ = {
			isa = PBXFrameworksBuildPhase;
			buildActionMask = 2147483647;
			files = (
			);
			runOnlyForDeploymentPostprocessing = 0;
		};
		16CF0ABE2987136A00A75CE7 /* Frameworks */ = {
			isa = PBXFrameworksBuildPhase;
			buildActionMask = 2147483647;
			files = (
			);
			runOnlyForDeploymentPostprocessing = 0;
		};
/* End PBXFrameworksBuildPhase section */

/* Begin PBXGroup section */
		16CF0A9E2987136700A75CE7 = {
			isa = PBXGroup;
			children = (
				16CF0AA92987136700A75CE7 /* Simple App */,
				16CF0ABA2987136A00A75CE7 /* Simple AppTests */,
				16CF0AC42987136B00A75CE7 /* Simple AppUITests */,
				16CF0AA82987136700A75CE7 /* Products */,
			);
			sourceTree = "<group>";
		};
		16CF0AA82987136700A75CE7 /* Products */ = {
			isa = PBXGroup;
			children = (
				16CF0AA72987136700A75CE7 /* Simple App.app */,
				16CF0AB72987136A00A75CE7 /* Simple AppTests.xctest */,
				16CF0AC12987136A00A75CE7 /* Simple AppUITests.xctest */,
			);
			name = Products;
			sourceTree = "<group>";
		};
		16CF0AA92987136700A75CE7 /* Simple App */ = {
			isa = PBXGroup;
			children = (
				16CF0AAA2987136700A75CE7 /* Simple_AppApp.swift */,
				16CF0AD8298745B600A75CE7 /* RootView.swift */,
				16CF0AAC2987136700A75CE7 /* LoginView.swift */,
				16CF0AD629873E1700A75CE7 /* ContentView.swift */,
				16CF0AD4298733F100A75CE7 /* SignUpView.swift */,
				16CF0AAE2987136A00A75CE7 /* Assets.xcassets */,
				16CF0AB02987136A00A75CE7 /* Preview Content */,
			);
			path = "Simple App";
			sourceTree = "<group>";
		};
		16CF0AB02987136A00A75CE7 /* Preview Content */ = {
			isa = PBXGroup;
			children = (
				16CF0AB12987136A00A75CE7 /* Preview Assets.xcassets */,
			);
			path = "Preview Content";
			sourceTree = "<group>";
		};
		16CF0ABA2987136A00A75CE7 /* Simple AppTests */ = {
			isa = PBXGroup;
			children = (
				16CF0ABB2987136A00A75CE7 /* Simple_AppTests.swift */,
			);
			path = "Simple AppTests";
			sourceTree = "<group>";
		};
		16CF0AC42987136B00A75CE7 /* Simple AppUITests */ = {
			isa = PBXGroup;
			children = (
				16CF0AC52987136B00A75CE7 /* Simple_AppUITests.swift */,
				16CF0AC72987136B00A75CE7 /* Simple_AppUITestsLaunchTests.swift */,
			);
			path = "Simple AppUITests";
			sourceTree = "<group>";
		};
/* End PBXGroup section */

/* Begin PBXNativeTarget section */
		16CF0AA62987136700A75CE7 /* Simple App */ = {
			isa = PBXNativeTarget;
			buildConfigurationList = 16CF0ACB2987136B00A75CE7 /* Build configuration list for PBXNativeTarget "Simple App" */;
			buildPhases = (
				16CF0AA32987136700A75CE7 /* Sources */,
				16CF0AA42987136700A75CE7 /* Frameworks */,
				16CF0AA52987136700A75CE7 /* Resources */,
			);
			buildRules = (
			);
			dependencies = (
			);
			name = "Simple App";
			productName = "Simple App";
			productReference = 16CF0AA72987136700A75CE7 /* Simple App.app */;
			productType = "com.apple.product-type.application";
		};
		16CF0AB62987136A00A75CE7 /* Simple AppTests */ = {
			isa = PBXNativeTarget;
			buildConfigurationList = 16CF0ACE2987136B00A75CE7 /* Build configuration list for PBXNativeTarget "Simple AppTests" */;
			buildPhases = (
				16CF0AB32987136A00A75CE7 /* Sources */,
				16CF0AB42987136A00A75CE7 /* Frameworks */,
				16CF0AB52987136A00A75CE7 /* Resources */,
			);
			buildRules = (
			);
			dependencies = (
				16CF0AB92987136A00A75CE7 /* PBXTargetDependency */,
			);
			name = "Simple AppTests";
			productName = "Simple AppTests";
			productReference = 16CF0AB72987136A00A75CE7 /* Simple AppTests.xctest */;
			productType = "com.apple.product-type.bundle.unit-test";
		};
		16CF0AC02987136A00A75CE7 /* Simple AppUITests */ = {
			isa = PBXNativeTarget;
			buildConfigurationList = 16CF0AD12987136B00A75CE7 /* Build configuration list for PBXNativeTarget "Simple AppUITests" */;
			buildPhases = (
				16CF0ABD2987136A00A75CE7 /* Sources */,
				16CF0ABE2987136A00A75CE7 /* Frameworks */,
				16CF0ABF2987136A00A75CE7 /* Resources */,
			);
			buildRules = (
			);
			dependencies = (
				16CF0AC32987136A00A75CE7 /* PBXTargetDependency */,
			);
			name = "Simple AppUITests";
			productName = "Simple AppUITests";
			productReference = 16CF0AC12987136A00A75CE7 /* Simple AppUITests.xctest */;
			productType = "com.apple.product-type.bundle.ui-testing";
		};
/* End PBXNativeTarget section */

/* Begin PBXProject section */
		16CF0A9F2987136700A75CE7 /* Project object */ = {
			isa = PBXProject;
			attributes = {
				BuildIndependentTargetsInParallel = 1;
				LastSwiftUpdateCheck = 1420;
				LastUpgradeCheck = 1420;
				TargetAttributes = {
					16CF0AA62987136700A75CE7 = {
						CreatedOnToolsVersion = 14.2;
					};
					16CF0AB62987136A00A75CE7 = {
						CreatedOnToolsVersion = 14.2;
						TestTargetID = 16CF0AA62987136700A75CE7;
					};
					16CF0AC02987136A00A75CE7 = {
						CreatedOnToolsVersion = 14.2;
						TestTargetID = 16CF0AA62987136700A75CE7;
					};
				};
			};
			buildConfigurationList = 16CF0AA22987136700A75CE7 /* Build configuration list for PBXProject "Simple App" */;
			compatibilityVersion = "Xcode 14.0";
			developmentRegion = en;
			hasScannedForEncodings = 0;
			knownRegions = (
				en,
				Base,
			);
			mainGroup = 16CF0A9E2987136700A75CE7;
			productRefGroup = 16CF0AA82987136700A75CE7 /* Products */;
			projectDirPath = "";
			projectRoot = "";
			targets = (
				16CF0AA62987136700A75CE7 /* Simple App */,
				16CF0AB62987136A00A75CE7 /* Simple AppTests */,
				16CF0AC02987136A00A75CE7 /* Simple AppUITests */,
			);
		};
/* End PBXProject section */

/* Begin PBXResourcesBuildPhase section */
		16CF0AA52987136700A75CE7 /* Resources */ = {
			isa = PBXResourcesBuildPhase;
			buildActionMask = 2147483647;
			files = (
				16CF0AB22987136A00A75CE7 /* Preview Assets.xcassets in Resources */,
				16CF0AAF2987136A00A75CE7 /* Assets.xcassets in Resources */,
			);
			runOnlyForDeploymentPostprocessing = 0;
		};
		16CF0AB52987136A00A75CE7 /* Resources */ = {
			isa = PBXResourcesBuildPhase;
			buildActionMask = 2147483647;
			files = (
			);
			runOnlyForDeploymentPostprocessing = 0;
		};
		16CF0ABF2987136A00A75CE7 /* Resources */ = {
			isa = PBXResourcesBuildPhase;
			buildActionMask = 2147483647;
			files = (
			);
			runOnlyForDeploymentPostprocessing = 0;
		};
/* End PBXResourcesBuildPhase section */

/* Begin PBXSourcesBuildPhase section */
		16CF0AA32987136700A75CE7 /* Sources */ = {
			isa = PBXSourcesBuildPhase;
			buildActionMask = 2147483647;
			files = (
				16CF0AAD2987136700A75CE7 /* LoginView.swift in Sources */,
				16CF0AD5298733F100A75CE7 /* SignUpView.swift in Sources */,
				16CF0AD729873E1800A75CE7 /* ContentView.swift in Sources */,
				16CF0AAB2987136700A75CE7 /* Simple_AppApp.swift in Sources */,
				16CF0AD9298745B600A75CE7 /* RootView.swift in Sources */,
			);
			runOnlyForDeploymentPostprocessing = 0;
		};
		16CF0AB32987136A00A75CE7 /* Sources */ = {
			isa = PBXSourcesBuildPhase;
			buildActionMask = 2147483647;
			files = (
				16CF0ABC2987136A00A75CE7 /* Simple_AppTests.swift in Sources */,
			);
			runOnlyForDeploymentPostprocessing = 0;
		};
		16CF0ABD2987136A00A75CE7 /* Sources */ = {
			isa = PBXSourcesBuildPhase;
			buildActionMask = 2147483647;
			files = (
				16CF0AC82987136B00A75CE7 /* Simple_AppUITestsLaunchTests.swift in Sources */,
				16CF0AC62987136B00A75CE7 /* Simple_AppUITests.swift in Sources */,
			);
			runOnlyForDeploymentPostprocessing = 0;
		};
/* End PBXSourcesBuildPhase section */

/* Begin PBXTargetDependency section */
		16CF0AB92987136A00A75CE7 /* PBXTargetDependency */ = {
			isa = PBXTargetDependency;
			target = 16CF0AA62987136700A75CE7 /* Simple App */;
			targetProxy = 16CF0AB82987136A00A75CE7 /* PBXContainerItemProxy */;
		};
		16CF0AC32987136A00A75CE7 /* PBXTargetDependency */ = {
			isa = PBXTargetDependency;
			target = 16CF0AA62987136700A75CE7 /* Simple App */;
			targetProxy = 16CF0AC22987136A00A75CE7 /* PBXContainerItemProxy */;
		};
/* End PBXTargetDependency section */

/* Begin XCBuildConfiguration section */
		16CF0AC92987136B00A75CE7 /* Debug */ = {
			isa = XCBuildConfiguration;
			buildSettings = {
				ALWAYS_SEARCH_USER_PATHS = NO;
				CLANG_ANALYZER_NONNULL = YES;
				CLANG_ANALYZER_NUMBER_OBJECT_CONVERSION = YES_AGGRESSIVE;
				CLANG_CXX_LANGUAGE_STANDARD = "gnu++20";
				CLANG_ENABLE_MODULES = YES;
				CLANG_ENABLE_OBJC_ARC = YES;
				CLANG_ENABLE_OBJC_WEAK = YES;
				CLANG_WARN_BLOCK_CAPTURE_AUTORELEASING = YES;
				CLANG_WARN_BOOL_CONVERSION = YES;
				CLANG_WARN_COMMA = YES;
				CLANG_WARN_CONSTANT_CONVERSION = YES;
				CLANG_WARN_DEPRECATED_OBJC_IMPLEMENTATIONS = YES;
				CLANG_WARN_DIRECT_OBJC_ISA_USAGE = YES_ERROR;
				CLANG_WARN_DOCUMENTATION_COMMENTS = YES;
				CLANG_WARN_EMPTY_BODY = YES;
				CLANG_WARN_ENUM_CONVERSION = YES;
				CLANG_WARN_INFINITE_RECURSION = YES;
				CLANG_WARN_INT_CONVERSION = YES;
				CLANG_WARN_NON_LITERAL_NULL_CONVERSION = YES;
				CLANG_WARN_OBJC_IMPLICIT_RETAIN_SELF = YES;
				CLANG_WARN_OBJC_LITERAL_CONVERSION = YES;
				CLANG_WARN_OBJC_ROOT_CLASS = YES_ERROR;
				CLANG_WARN_QUOTED_INCLUDE_IN_FRAMEWORK_HEADER = YES;
				CLANG_WARN_RANGE_LOOP_ANALYSIS = YES;
				CLANG_WARN_STRICT_PROTOTYPES = YES;
				CLANG_WARN_SUSPICIOUS_MOVE = YES;
				CLANG_WARN_UNGUARDED_AVAILABILITY = YES_AGGRESSIVE;
				CLANG_WARN_UNREACHABLE_CODE = YES;
				CLANG_WARN__DUPLICATE_METHOD_MATCH = YES;
				COPY_PHASE_STRIP = NO;
				DEBUG_INFORMATION_FORMAT = dwarf;
				ENABLE_STRICT_OBJC_MSGSEND = YES;
				ENABLE_TESTABILITY = YES;
				GCC_C_LANGUAGE_STANDARD = gnu11;
				GCC_DYNAMIC_NO_PIC = NO;
				GCC_NO_COMMON_BLOCKS = YES;
				GCC_OPTIMIZATION_LEVEL = 0;
				GCC_PREPROCESSOR_DEFINITIONS = (
					"DEBUG=1",
					"$(inherited)",
				);
				GCC_WARN_64_TO_32_BIT_CONVERSION = YES;
				GCC_WARN_ABOUT_RETURN_TYPE = YES_ERROR;
				GCC_WARN_UNDECLARED_SELECTOR = YES;
				GCC_WARN_UNINITIALIZED_AUTOS = YES_AGGRESSIVE;
				GCC_WARN_UNUSED_FUNCTION = YES;
				GCC_WARN_UNUSED_VARIABLE = YES;
				IPHONEOS_DEPLOYMENT_TARGET = 16.2;
				MTL_ENABLE_DEBUG_INFO = INCLUDE_SOURCE;
				MTL_FAST_MATH = YES;
				ONLY_ACTIVE_ARCH = YES;
				SDKROOT = iphoneos;
				SWIFT_ACTIVE_COMPILATION_CONDITIONS = DEBUG;
				SWIFT_OPTIMIZATION_LEVEL = "-Onone";
			};
			name = Debug;
		};
		16CF0ACA2987136B00A75CE7 /* Release */ = {
			isa = XCBuildConfiguration;
			buildSettings = {
				ALWAYS_SEARCH_USER_PATHS = NO;
				CLANG_ANALYZER_NONNULL = YES;
				CLANG_ANALYZER_NUMBER_OBJECT_CONVERSION = YES_AGGRESSIVE;
				CLANG_CXX_LANGUAGE_STANDARD = "gnu++20";
				CLANG_ENABLE_MODULES = YES;
				CLANG_ENABLE_OBJC_ARC = YES;
				CLANG_ENABLE_OBJC_WEAK = YES;
				CLANG_WARN_BLOCK_CAPTURE_AUTORELEASING = YES;
				CLANG_WARN_BOOL_CONVERSION = YES;
				CLANG_WARN_COMMA = YES;
				CLANG_WARN_CONSTANT_CONVERSION = YES;
				CLANG_WARN_DEPRECATED_OBJC_IMPLEMENTATIONS = YES;
				CLANG_WARN_DIRECT_OBJC_ISA_USAGE = YES_ERROR;
				CLANG_WARN_DOCUMENTATION_COMMENTS = YES;
				CLANG_WARN_EMPTY_BODY = YES;
				CLANG_WARN_ENUM_CONVERSION = YES;
				CLANG_WARN_INFINITE_RECURSION = YES;
				CLANG_WARN_INT_CONVERSION = YES;
				CLANG_WARN_NON_LITERAL_NULL_CONVERSION = YES;
				CLANG_WARN_OBJC_IMPLICIT_RETAIN_SELF = YES;
				CLANG_WARN_OBJC_LITERAL_CONVERSION = YES;
				CLANG_WARN_OBJC_ROOT_CLASS = YES_ERROR;
				CLANG_WARN_QUOTED_INCLUDE_IN_FRAMEWORK_HEADER = YES;
				CLANG_WARN_RANGE_LOOP_ANALYSIS = YES;
				CLANG_WARN_STRICT_PROTOTYPES = YES;
				CLANG_WARN_SUSPICIOUS_MOVE = YES;
				CLANG_WARN_UNGUARDED_AVAILABILITY = YES_AGGRESSIVE;
				CLANG_WARN_UNREACHABLE_CODE = YES;
				CLANG_WARN__DUPLICATE_METHOD_MATCH = YES;
				COPY_PHASE_STRIP = NO;
				DEBUG_INFORMATION_FORMAT = "dwarf-with-dsym";
				ENABLE_NS_ASSERTIONS = NO;
				ENABLE_STRICT_OBJC_MSGSEND = YES;
				GCC_C_LANGUAGE_STANDARD = gnu11;
				GCC_NO_COMMON_BLOCKS = YES;
				GCC_WARN_64_TO_32_BIT_CONVERSION = YES;
				GCC_WARN_ABOUT_RETURN_TYPE = YES_ERROR;
				GCC_WARN_UNDECLARED_SELECTOR = YES;
				GCC_WARN_UNINITIALIZED_AUTOS = YES_AGGRESSIVE;
				GCC_WARN_UNUSED_FUNCTION = YES;
				GCC_WARN_UNUSED_VARIABLE = YES;
				IPHONEOS_DEPLOYMENT_TARGET = 16.2;
				MTL_ENABLE_DEBUG_INFO = NO;
				MTL_FAST_MATH = YES;
				SDKROOT = iphoneos;
				SWIFT_COMPILATION_MODE = wholemodule;
				SWIFT_OPTIMIZATION_LEVEL = "-O";
				VALIDATE_PRODUCT = YES;
			};
			name = Release;
		};
		16CF0ACC2987136B00A75CE7 /* Debug */ = {
			isa = XCBuildConfiguration;
			buildSettings = {
				ASSETCATALOG_COMPILER_APPICON_NAME = AppIcon;
				ASSETCATALOG_COMPILER_GLOBAL_ACCENT_COLOR_NAME = AccentColor;
				CODE_SIGN_STYLE = Automatic;
				CURRENT_PROJECT_VERSION = 1;
				DEVELOPMENT_ASSET_PATHS = "\"Simple App/Preview Content\"";
				DEVELOPMENT_TEAM = UPMKL7MXD9;
				ENABLE_PREVIEWS = YES;
				GENERATE_INFOPLIST_FILE = YES;
				INFOPLIST_KEY_UIApplicationSceneManifest_Generation = YES;
				INFOPLIST_KEY_UIApplicationSupportsIndirectInputEvents = YES;
				INFOPLIST_KEY_UILaunchScreen_Generation = YES;
				INFOPLIST_KEY_UISupportedInterfaceOrientations_iPad = "UIInterfaceOrientationPortrait UIInterfaceOrientationPortraitUpsideDown UIInterfaceOrientationLandscapeLeft UIInterfaceOrientationLandscapeRight";
				INFOPLIST_KEY_UISupportedInterfaceOrientations_iPhone = "UIInterfaceOrientationPortrait UIInterfaceOrientationLandscapeLeft UIInterfaceOrientationLandscapeRight";
				LD_RUNPATH_SEARCH_PATHS = (
					"$(inherited)",
					"@executable_path/Frameworks",
				);
				MARKETING_VERSION = 1.0;
				PRODUCT_BUNDLE_IDENTIFIER = "Coding.Simple-App";
				PRODUCT_NAME = "$(TARGET_NAME)";
				SWIFT_EMIT_LOC_STRINGS = YES;
				SWIFT_VERSION = 5.0;
				TARGETED_DEVICE_FAMILY = "1,2";
			};
			name = Debug;
		};
		16CF0ACD2987136B00A75CE7 /* Release */ = {
			isa = XCBuildConfiguration;
			buildSettings = {
				ASSETCATALOG_COMPILER_APPICON_NAME = AppIcon;
				ASSETCATALOG_COMPILER_GLOBAL_ACCENT_COLOR_NAME = AccentColor;
				CODE_SIGN_STYLE = Automatic;
				CURRENT_PROJECT_VERSION = 1;
				DEVELOPMENT_ASSET_PATHS = "\"Simple App/Preview Content\"";
				DEVELOPMENT_TEAM = UPMKL7MXD9;
				ENABLE_PREVIEWS = YES;
				GENERATE_INFOPLIST_FILE = YES;
				INFOPLIST_KEY_UIApplicationSceneManifest_Generation = YES;
				INFOPLIST_KEY_UIApplicationSupportsIndirectInputEvents = YES;
				INFOPLIST_KEY_UILaunchScreen_Generation = YES;
				INFOPLIST_KEY_UISupportedInterfaceOrientations_iPad = "UIInterfaceOrientationPortrait UIInterfaceOrientationPortraitUpsideDown UIInterfaceOrientationLandscapeLeft UIInterfaceOrientationLandscapeRight";
				INFOPLIST_KEY_UISupportedInterfaceOrientations_iPhone = "UIInterfaceOrientationPortrait UIInterfaceOrientationLandscapeLeft UIInterfaceOrientationLandscapeRight";
				LD_RUNPATH_SEARCH_PATHS = (
					"$(inherited)",
					"@executable_path/Frameworks",
				);
				MARKETING_VERSION = 1.0;
				PRODUCT_BUNDLE_IDENTIFIER = "Coding.Simple-App";
				PRODUCT_NAME = "$(TARGET_NAME)";
				SWIFT_EMIT_LOC_STRINGS = YES;
				SWIFT_VERSION = 5.0;
				TARGETED_DEVICE_FAMILY = "1,2";
			};
			name = Release;
		};
		16CF0ACF2987136B00A75CE7 /* Debug */ = {
			isa = XCBuildConfiguration;
			buildSettings = {
				ALWAYS_EMBED_SWIFT_STANDARD_LIBRARIES = YES;
				BUNDLE_LOADER = "$(TEST_HOST)";
				CODE_SIGN_STYLE = Automatic;
				CURRENT_PROJECT_VERSION = 1;
				DEVELOPMENT_TEAM = UPMKL7MXD9;
				GENERATE_INFOPLIST_FILE = YES;
				IPHONEOS_DEPLOYMENT_TARGET = 16.2;
				MARKETING_VERSION = 1.0;
				PRODUCT_BUNDLE_IDENTIFIER = "Coding.Simple-AppTests";
				PRODUCT_NAME = "$(TARGET_NAME)";
				SWIFT_EMIT_LOC_STRINGS = NO;
				SWIFT_VERSION = 5.0;
				TARGETED_DEVICE_FAMILY = "1,2";
				TEST_HOST = "$(BUILT_PRODUCTS_DIR)/Simple App.app/$(BUNDLE_EXECUTABLE_FOLDER_PATH)/Simple App";
			};
			name = Debug;
		};
		16CF0AD02987136B00A75CE7 /* Release */ = {
			isa = XCBuildConfiguration;
			buildSettings = {
				ALWAYS_EMBED_SWIFT_STANDARD_LIBRARIES = YES;
				BUNDLE_LOADER = "$(TEST_HOST)";
				CODE_SIGN_STYLE = Automatic;
				CURRENT_PROJECT_VERSION = 1;
				DEVELOPMENT_TEAM = UPMKL7MXD9;
				GENERATE_INFOPLIST_FILE = YES;
				IPHONEOS_DEPLOYMENT_TARGET = 16.2;
				MARKETING_VERSION = 1.0;
				PRODUCT_BUNDLE_IDENTIFIER = "Coding.Simple-AppTests";
				PRODUCT_NAME = "$(TARGET_NAME)";
				SWIFT_EMIT_LOC_STRINGS = NO;
				SWIFT_VERSION = 5.0;
				TARGETED_DEVICE_FAMILY = "1,2";
				TEST_HOST = "$(BUILT_PRODUCTS_DIR)/Simple App.app/$(BUNDLE_EXECUTABLE_FOLDER_PATH)/Simple App";
			};
			name = Release;
		};
		16CF0AD22987136B00A75CE7 /* Debug */ = {
			isa = XCBuildConfiguration;
			buildSettings = {
				ALWAYS_EMBED_SWIFT_STANDARD_LIBRARIES = YES;
				CODE_SIGN_STYLE = Automatic;
				CURRENT_PROJECT_VERSION = 1;
				DEVELOPMENT_TEAM = UPMKL7MXD9;
				GENERATE_INFOPLIST_FILE = YES;
				MARKETING_VERSION = 1.0;
				PRODUCT_BUNDLE_IDENTIFIER = "Coding.Simple-AppUITests";
				PRODUCT_NAME = "$(TARGET_NAME)";
				SWIFT_EMIT_LOC_STRINGS = NO;
				SWIFT_VERSION = 5.0;
				TARGETED_DEVICE_FAMILY = "1,2";
				TEST_TARGET_NAME = "Simple App";
			};
			name = Debug;
		};
		16CF0AD32987136B00A75CE7 /* Release */ = {
			isa = XCBuildConfiguration;
			buildSettings = {
				ALWAYS_EMBED_SWIFT_STANDARD_LIBRARIES = YES;
				CODE_SIGN_STYLE = Automatic;
				CURRENT_PROJECT_VERSION = 1;
				DEVELOPMENT_TEAM = UPMKL7MXD9;
				GENERATE_INFOPLIST_FILE = YES;
				MARKETING_VERSION = 1.0;
				PRODUCT_BUNDLE_IDENTIFIER = "Coding.Simple-AppUITests";
				PRODUCT_NAME = "$(TARGET_NAME)";
				SWIFT_EMIT_LOC_STRINGS = NO;
				SWIFT_VERSION = 5.0;
				TARGETED_DEVICE_FAMILY = "1,2";
				TEST_TARGET_NAME = "Simple App";
			};
			name = Release;
		};
/* End XCBuildConfiguration section */

/* Begin XCConfigurationList section */
		16CF0AA22987136700A75CE7 /* Build configuration list for PBXProject "Simple App" */ = {
			isa = XCConfigurationList;
			buildConfigurations = (
				16CF0AC92987136B00A75CE7 /* Debug */,
				16CF0ACA2987136B00A75CE7 /* Release */,
			);
			defaultConfigurationIsVisible = 0;
			defaultConfigurationName = Release;
		};
		16CF0ACB2987136B00A75CE7 /* Build configuration list for PBXNativeTarget "Simple App" */ = {
			isa = XCConfigurationList;
			buildConfigurations = (
				16CF0ACC2987136B00A75CE7 /* Debug */,
				16CF0ACD2987136B00A75CE7 /* Release */,
			);
			defaultConfigurationIsVisible = 0;
			defaultConfigurationName = Release;
		};
		16CF0ACE2987136B00A75CE7 /* Build configuration list for PBXNativeTarget "Simple AppTests" */ = {
			isa = XCConfigurationList;
			buildConfigurations = (
				16CF0ACF2987136B00A75CE7 /* Debug */,
				16CF0AD02987136B00A75CE7 /* Release */,
			);
			defaultConfigurationIsVisible = 0;
			defaultConfigurationName = Release;
		};
		16CF0AD12987136B00A75CE7 /* Build configuration list for PBXNativeTarget "Simple AppUITests" */ = {
			isa = XCConfigurationList;
			buildConfigurations = (
				16CF0AD22987136B00A75CE7 /* Debug */,
				16CF0AD32987136B00A75CE7 /* Release */,
			);
			defaultConfigurationIsVisible = 0;
			defaultConfigurationName = Release;
		};
/* End XCConfigurationList section */
	};
	rootObject = 16CF0A9F2987136700A75CE7 /* Project object */;
}
